
Microsoft Visual Studio Solution File, Format Version 12.00
# Visual Studio 2012
Project("{FAE04EC0-301F-11D3-BF4B-00C04F79EFBC}") = "BasicSignalRDemo", "BasicSignalRDemo\BasicSignalRDemo.csproj", "{96A2578C-64FB-4854-8BAB-1D4331C8C202}"
EndProject
Project("{FAE04EC0-301F-11D3-BF4B-00C04F79EFBC}") = "BasicSignalRDemo.Tests", "BasicSignalRDemo.Tests\BasicSignalRDemo.Tests.csproj", "{60E90822-0A29-44F1-B51F-0BDD14A3CDD8}"
EndProject
Global
	GlobalSection(SolutionConfigurationPlatforms) = preSolution
		Debug|Any CPU = Debug|Any CPU
		Release|Any CPU = Release|Any CPU
	EndGlobalSection
	GlobalSection(ProjectConfigurationPlatforms) = postSolution
		{96A2578C-64FB-4854-8BAB-1D4331C8C202}.Debug|Any CPU.ActiveCfg = Debug|Any CPU
		{96A2578C-64FB-4854-8BAB-1D4331C8C202}.Debug|Any CPU.Build.0 = Debug|Any CPU
		{96A2578C-64FB-4854-8BAB-1D4331C8C202}.Release|Any CPU.ActiveCfg = Release|Any CPU
		{96A2578C-64FB-4854-8BAB-1D4331C8C202}.Release|Any CPU.Build.0 = Release|Any CPU
		{60E90822-0A29-44F1-B51F-0BDD14A3CDD8}.Debug|Any CPU.ActiveCfg = Debug|Any CPU
		{60E90822-0A29-44F1-B51F-0BDD14A3CDD8}.Debug|Any CPU.Build.0 = Debug|Any CPU
		{60E90822-0A29-44F1-B51F-0BDD14A3CDD8}.Release|Any CPU.ActiveCfg = Release|Any CPU
		{60E90822-0A29-44F1-B51F-0BDD14A3CDD8}.Release|Any CPU.Build.0 = Release|Any CPU
	EndGlobalSection
	GlobalSection(SolutionProperties) = preSolution
		HideSolutionNode = FALSE
	EndGlobalSection
EndGlobal
